{
  "name": "notado-extension",
  "lockfileVersion": 2,
  "requires": true,
  "packages": {
    "": {
      "dependencies": {
        "@types/firefox-webext-browser": "^111.0.1",
        "@types/webextension-polyfill": "^0.10.1"
      }
    },
    "node_modules/@types/firefox-webext-browser": {
      "version": "111.0.1",
      "resolved": "https://registry.npmjs.org/@types/firefox-webext-browser/-/firefox-webext-browser-111.0.1.tgz",
      "integrity": "sha512-mmHWdQTCT68X0hh0URrsIyWhJeFzZHaiprj6nni/CmsAmqYq27T0eZyu1ePeKJ/zuDD3wqtTzm5TwRFAso+oPw=="
    },
    "node_modules/@types/webextension-polyfill": {
      "version": "0.10.1",
      "resolved": "https://registry.npmjs.org/@types/webextension-polyfill/-/webextension-polyfill-0.10.1.tgz",
      "integrity": "sha512-Sdg+E2F5JUbhkE1qX15QUxpyhfMFKRGJqND9nb1C0gNN4NR7kCV31/1GvNbg6Xe+m/JElJ9/lG5kepMzjGPuQw=="
    }
  },
  "dependencies": {
    "@types/firefox-webext-browser": {
      "version": "111.0.1",
      "resolved": "https://registry.npmjs.org/@types/firefox-webext-browser/-/firefox-webext-browser-111.0.1.tgz",
      "integrity": "sha512-mmHWdQTCT68X0hh0URrsIyWhJeFzZHaiprj6nni/CmsAmqYq27T0eZyu1ePeKJ/zuDD3wqtTzm5TwRFAso+oPw=="
    },
    "@types/webextension-polyfill": {
      "version": "0.10.1",
      "resolved": "https://registry.npmjs.org/@types/webextension-polyfill/-/webextension-polyfill-0.10.1.tgz",
      "integrity": "sha512-Sdg+E2F5JUbhkE1qX15QUxpyhfMFKRGJqND9nb1C0gNN4NR7kCV31/1GvNbg6Xe+m/JElJ9/lG5kepMzjGPuQw=="
    }
  }
}
